
Microsoft Visual Studio Solution File, Format Version 12.00
# Visual Studio Version 17
VisualStudioVersion = 17.2.32630.192
MinimumVisualStudioVersion = 10.0.40219.1
Project("{9A19103F-16F7-4668-BE54-9A1E7A4F7556}") = "UdemyDateApi", "UdemyDateApp\UdemyDateApi.csproj", "{293EA340-7138-475D-890A-642ED2C033EB}"
EndProject
Project("{54A90642-561A-4BB1-A94E-469ADEE60C69}") = "client", "client\client.esproj", "{52A8CA1E-F312-41AF-BB1D-7D7574F6A995}"
EndProject
Global
	GlobalSection(SolutionConfigurationPlatforms) = preSolution
		Debug|Any CPU = Debug|Any CPU
		Release|Any CPU = Release|Any CPU
	EndGlobalSection
	GlobalSection(ProjectConfigurationPlatforms) = postSolution
		{293EA340-7138-475D-890A-642ED2C033EB}.Debug|Any CPU.ActiveCfg = Debug|Any CPU
		{293EA340-7138-475D-890A-642ED2C033EB}.Debug|Any CPU.Build.0 = Debug|Any CPU
		{293EA340-7138-475D-890A-642ED2C033EB}.Release|Any CPU.ActiveCfg = Release|Any CPU
		{293EA340-7138-475D-890A-642ED2C033EB}.Release|Any CPU.Build.0 = Release|Any CPU
		{52A8CA1E-F312-41AF-BB1D-7D7574F6A995}.Debug|Any CPU.ActiveCfg = Debug|Any CPU
		{52A8CA1E-F312-41AF-BB1D-7D7574F6A995}.Debug|Any CPU.Build.0 = Debug|Any CPU
		{52A8CA1E-F312-41AF-BB1D-7D7574F6A995}.Debug|Any CPU.Deploy.0 = Debug|Any CPU
		{52A8CA1E-F312-41AF-BB1D-7D7574F6A995}.Release|Any CPU.ActiveCfg = Release|Any CPU
		{52A8CA1E-F312-41AF-BB1D-7D7574F6A995}.Release|Any CPU.Build.0 = Release|Any CPU
		{52A8CA1E-F312-41AF-BB1D-7D7574F6A995}.Release|Any CPU.Deploy.0 = Release|Any CPU
	EndGlobalSection
	GlobalSection(SolutionProperties) = preSolution
		HideSolutionNode = FALSE
	EndGlobalSection
	GlobalSection(ExtensibilityGlobals) = postSolution
		SolutionGuid = {209C2634-566A-4DF0-B184-84AEDA5E1D00}
	EndGlobalSection
EndGlobal
